Microsoft Visual Studio Solution File, Format Version 12.00
# Visual Studio Version 16
VisualStudioVersion = 16.0.29806.167
MinimumVisualStudioVersion = 15.0.26124.0
Project("{2150E333-8FDC-42A3-9474-1A3956D46DE8}") = "src", "src", "{F0FB1E81-3C38-4B4F-819E-27D258FF2899}"
EndProject
Project("{9A19103F-16F7-4668-BE54-9A1E7A4F7556}") = "RobotsTxt", "src\RobotsTxt\RobotsTxt.csproj", "{610B25CA-70BD-4433-89D3-FEF56E583477}"
EndProject
Project("{2150E333-8FDC-42A3-9474-1A3956D46DE8}") = "tests", "tests", "{962DBC53-02D4-46CD-842D-AFC95CEBA59B}"
EndProject
Project("{9A19103F-16F7-4668-BE54-9A1E7A4F7556}") = "RobotsTxt.Tests", "tests\RobotsTxt.Tests\RobotsTxt.Tests.csproj", "{8F7993B2-2ACB-46D7-BDE7-3845BFC31BCE}"
EndProject
Global
	GlobalSection(SolutionConfigurationPlatforms) = preSolution
		Debug|Any CPU = Debug|Any CPU
		Debug|x64 = Debug|x64
		Debug|x86 = Debug|x86
		Release|Any CPU = Release|Any CPU
		Release|x64 = Release|x64
		Release|x86 = Release|x86
	EndGlobalSection
	GlobalSection(ProjectConfigurationPlatforms) = postSolution
		{610B25CA-70BD-4433-89D3-FEF56E583477}.Debug|Any CPU.ActiveCfg = Debug|Any CPU
		{610B25CA-70BD-4433-89D3-FEF56E583477}.Debug|Any CPU.Build.0 = Debug|Any CPU
		{610B25CA-70BD-4433-89D3-FEF56E583477}.Debug|x64.ActiveCfg = Debug|Any CPU
		{610B25CA-70BD-4433-89D3-FEF56E583477}.Debug|x64.Build.0 = Debug|Any CPU
		{610B25CA-70BD-4433-89D3-FEF56E583477}.Debug|x86.ActiveCfg = Debug|Any CPU
		{610B25CA-70BD-4433-89D3-FEF56E583477}.Debug|x86.Build.0 = Debug|Any CPU
		{610B25CA-70BD-4433-89D3-FEF56E583477}.Release|Any CPU.ActiveCfg = Release|Any CPU
		{610B25CA-70BD-4433-89D3-FEF56E583477}.Release|Any CPU.Build.0 = Release|Any CPU
		{610B25CA-70BD-4433-89D3-FEF56E583477}.Release|x64.ActiveCfg = Release|Any CPU
		{610B25CA-70BD-4433-89D3-FEF56E583477}.Release|x64.Build.0 = Release|Any CPU
		{610B25CA-70BD-4433-89D3-FEF56E583477}.Release|x86.ActiveCfg = Release|Any CPU
		{610B25CA-70BD-4433-89D3-FEF56E583477}.Release|x86.Build.0 = Release|Any CPU
		{8F7993B2-2ACB-46D7-BDE7-3845BFC31BCE}.Debug|Any CPU.ActiveCfg = Debug|Any CPU
		{8F7993B2-2ACB-46D7-BDE7-3845BFC31BCE}.Debug|Any CPU.Build.0 = Debug|Any CPU
		{8F7993B2-2ACB-46D7-BDE7-3845BFC31BCE}.Debug|x64.ActiveCfg = Debug|Any CPU
		{8F7993B2-2ACB-46D7-BDE7-3845BFC31BCE}.Debug|x64.Build.0 = Debug|Any CPU
		{8F7993B2-2ACB-46D7-BDE7-3845BFC31BCE}.Debug|x86.ActiveCfg = Debug|Any CPU
		{8F7993B2-2ACB-46D7-BDE7-3845BFC31BCE}.Debug|x86.Build.0 = Debug|Any CPU
		{8F7993B2-2ACB-46D7-BDE7-3845BFC31BCE}.Release|Any CPU.ActiveCfg = Release|Any CPU
		{8F7993B2-2ACB-46D7-BDE7-3845BFC31BCE}.Release|Any CPU.Build.0 = Release|Any CPU
		{8F7993B2-2ACB-46D7-BDE7-3845BFC31BCE}.Release|x64.ActiveCfg = Release|Any CPU
		{8F7993B2-2ACB-46D7-BDE7-3845BFC31BCE}.Release|x64.Build.0 = Release|Any CPU
		{8F7993B2-2ACB-46D7-BDE7-3845BFC31BCE}.Release|x86.ActiveCfg = Release|Any CPU
		{8F7993B2-2ACB-46D7-BDE7-3845BFC31BCE}.Release|x86.Build.0 = Release|Any CPU
	EndGlobalSection
	GlobalSection(SolutionProperties) = preSolution
		HideSolutionNode = FALSE
	EndGlobalSection
	GlobalSection(NestedProjects) = preSolution
		{610B25CA-70BD-4433-89D3-FEF56E583477} = {F0FB1E81-3C38-4B4F-819E-27D258FF2899}
		{8F7993B2-2ACB-46D7-BDE7-3845BFC31BCE} = {962DBC53-02D4-46CD-842D-AFC95CEBA59B}
	EndGlobalSection
	GlobalSection(ExtensibilityGlobals) = postSolution
		SolutionGuid = {ACA7589D-9F8B-4ECA-8BC8-6582D00D4578}
	EndGlobalSection
EndGlobal
